// !$*UTF8*$!
{
	archiveVersion = 1;
	classes = {
	};
	objectVersion = 50;
	objects = {

/* Begin PBXBuildFile section */
		FA8541A12239D2DF00228618 /* AppDelegate.swift in Sources */ = {isa = PBXBuildFile; fileRef = FA8541A02239D2DF00228618 /* AppDelegate.swift */; };
		FA8541A32239D2DF00228618 /* ViewController.swift in Sources */ = {isa = PBXBuildFile; fileRef = FA8541A22239D2DF00228618 /* ViewController.swift */; };
		FA8541A62239D2DF00228618 /* Main.storyboard in Resources */ = {isa = PBXBuildFile; fileRef = FA8541A42239D2DF00228618 /* Main.storyboard */; };
		FA8541A82239D2E000228618 /* Assets.xcassets in Resources */ = {isa = PBXBuildFile; fileRef = FA8541A72239D2E000228618 /* Assets.xcassets */; };
		FA8541AB2239D2E000228618 /* LaunchScreen.storyboard in Resources */ = {isa = PBXBuildFile; fileRef = FA8541A92239D2E000228618 /* LaunchScreen.storyboard */; };
		FA8541B42239D49700228618 /* words.txt in Resources */ = {isa = PBXBuildFile; fileRef = FA8541B32239D49700228618 /* words.txt */; };
		FA8541BF2239D71400228618 /* man-3.txt in Resources */ = {isa = PBXBuildFile; fileRef = FA8541B52239D71400228618 /* man-3.txt */; };
		FA8541C02239D71400228618 /* man-6.txt in Resources */ = {isa = PBXBuildFile; fileRef = FA8541B62239D71400228618 /* man-6.txt */; };
		FA8541C12239D71400228618 /* man-4.txt in Resources */ = {isa = PBXBuildFile; fileRef = FA8541B72239D71400228618 /* man-4.txt */; };
		FA8541C22239D71400228618 /* man-0.txt in Resources */ = {isa = PBXBuildFile; fileRef = FA8541B82239D71400228618 /* man-0.txt */; };
		FA8541C32239D71400228618 /* man-5.txt in Resources */ = {isa = PBXBuildFile; fileRef = FA8541B92239D71400228618 /* man-5.txt */; };
		FA8541C42239D71400228618 /* man-1.txt in Resources */ = {isa = PBXBuildFile; fileRef = FA8541BA2239D71400228618 /* man-1.txt */; };
		FA8541C52239D71400228618 /* man-7.txt in Resources */ = {isa = PBXBuildFile; fileRef = FA8541BB2239D71400228618 /* man-7.txt */; };
		FA8541C62239D71400228618 /* man-9.txt in Resources */ = {isa = PBXBuildFile; fileRef = FA8541BC2239D71400228618 /* man-9.txt */; };
		FA8541C72239D71400228618 /* man-2.txt in Resources */ = {isa = PBXBuildFile; fileRef = FA8541BD2239D71400228618 /* man-2.txt */; };
		FA8541C82239D71400228618 /* man-8.txt in Resources */ = {isa = PBXBuildFile; fileRef = FA8541BE2239D71400228618 /* man-8.txt */; };
/* End PBXBuildFile section */

/* Begin PBXFileReference section */
		FA85419D2239D2DF00228618 /* ConsolidationApp03.app */ = {isa = PBXFileReference; explicitFileType = wrapper.application; includeInIndex = 0; path = ConsolidationApp03.app; sourceTree = BUILT_PRODUCTS_DIR; };
		FA8541A02239D2DF00228618 /* AppDelegate.swift */ = {isa = PBXFileReference; lastKnownFileType = sourcecode.swift; path = AppDelegate.swift; sourceTree = "<group>"; };
		FA8541A22239D2DF00228618 /* ViewController.swift */ = {isa = PBXFileReference; lastKnownFileType = sourcecode.swift; path = ViewController.swift; sourceTree = "<group>"; };
		FA8541A52239D2DF00228618 /* Base */ = {isa = PBXFileReference; lastKnownFileType = file.storyboard; name = Base; path = Base.lproj/Main.storyboard; sourceTree = "<group>"; };
		FA8541A72239D2E000228618 /* Assets.xcassets */ = {isa = PBXFileReference; lastKnownFileType = folder.assetcatalog; path = Assets.xcassets; sourceTree = "<group>"; };
		FA8541AA2239D2E000228618 /* Base */ = {isa = PBXFileReference; lastKnownFileType = file.storyboard; name = Base; path = Base.lproj/LaunchScreen.storyboard; sourceTree = "<group>"; };
		FA8541AC2239D2E000228618 /* Info.plist */ = {isa = PBXFileReference; lastKnownFileType = text.plist.xml; path = Info.plist; sourceTree = "<group>"; };
		FA8541B32239D49700228618 /* words.txt */ = {isa = PBXFileReference; fileEncoding = 4; lastKnownFileType = text; path = words.txt; sourceTree = "<group>"; };
		FA8541B52239D71400228618 /* man-3.txt */ = {isa = PBXFileReference; fileEncoding = 4; lastKnownFileType = text; path = "man-3.txt"; sourceTree = "<group>"; };
		FA8541B62239D71400228618 /* man-6.txt */ = {isa = PBXFileReference; fileEncoding = 4; lastKnownFileType = text; path = "man-6.txt"; sourceTree = "<group>"; };
		FA8541B72239D71400228618 /* man-4.txt */ = {isa = PBXFileReference; fileEncoding = 4; lastKnownFileType = text; path = "man-4.txt"; sourceTree = "<group>"; };
		FA8541B82239D71400228618 /* man-0.txt */ = {isa = PBXFileReference; fileEncoding = 4; lastKnownFileType = text; path = "man-0.txt"; sourceTree = "<group>"; };
		FA8541B92239D71400228618 /* man-5.txt */ = {isa = PBXFileReference; fileEncoding = 4; lastKnownFileType = text; path = "man-5.txt"; sourceTree = "<group>"; };
		FA8541BA2239D71400228618 /* man-1.txt */ = {isa = PBXFileReference; fileEncoding = 4; lastKnownFileType = text; path = "man-1.txt"; sourceTree = "<group>"; };
		FA8541BB2239D71400228618 /* man-7.txt */ = {isa = PBXFileReference; fileEncoding = 4; lastKnownFileType = text; path = "man-7.txt"; sourceTree = "<group>"; };
		FA8541BC2239D71400228618 /* man-9.txt */ = {isa = PBXFileReference; fileEncoding = 4; lastKnownFileType = text; path = "man-9.txt"; sourceTree = "<group>"; };
		FA8541BD2239D71400228618 /* man-2.txt */ = {isa = PBXFileReference; fileEncoding = 4; lastKnownFileType = text; path = "man-2.txt"; sourceTree = "<group>"; };
		FA8541BE2239D71400228618 /* man-8.txt */ = {isa = PBXFileReference; fileEncoding = 4; lastKnownFileType = text; path = "man-8.txt"; sourceTree = "<group>"; };
/* End PBXFileReference section */

/* Begin PBXFrameworksBuildPhase section */
		FA85419A2239D2DF00228618 /* Frameworks */ = {
			isa = PBXFrameworksBuildPhase;
			buildActionMask = 2147483647;
			files = (
			);
			runOnlyForDeploymentPostprocessing = 0;
		};
/* End PBXFrameworksBuildPhase section */

/* Begin PBXGroup section */
		FA8541942239D2DF00228618 = {
			isa = PBXGroup;
			children = (
				FA85419F2239D2DF00228618 /* ConsolidationApp03 */,
				FA85419E2239D2DF00228618 /* Products */,
			);
			sourceTree = "<group>";
		};
		FA85419E2239D2DF00228618 /* Products */ = {
			isa = PBXGroup;
			children = (
				FA85419D2239D2DF00228618 /* ConsolidationApp03.app */,
			);
			name = Products;
			sourceTree = "<group>";
		};
		FA85419F2239D2DF00228618 /* ConsolidationApp03 */ = {
			isa = PBXGroup;
			children = (
				FA8541A02239D2DF00228618 /* AppDelegate.swift */,
				FA8541A22239D2DF00228618 /* ViewController.swift */,
				FA8541A42239D2DF00228618 /* Main.storyboard */,
				FA8541A72239D2E000228618 /* Assets.xcassets */,
				FA8541A92239D2E000228618 /* LaunchScreen.storyboard */,
				FA8541AC2239D2E000228618 /* Info.plist */,
				FA8541B22239D48600228618 /* Files */,
			);
			path = ConsolidationApp03;
			sourceTree = "<group>";
		};
		FA8541B22239D48600228618 /* Files */ = {
			isa = PBXGroup;
			children = (
				FA8541B82239D71400228618 /* man-0.txt */,
				FA8541BA2239D71400228618 /* man-1.txt */,
				FA8541BD2239D71400228618 /* man-2.txt */,
				FA8541B52239D71400228618 /* man-3.txt */,
				FA8541B72239D71400228618 /* man-4.txt */,
				FA8541B92239D71400228618 /* man-5.txt */,
				FA8541B62239D71400228618 /* man-6.txt */,
				FA8541BB2239D71400228618 /* man-7.txt */,
				FA8541BE2239D71400228618 /* man-8.txt */,
				FA8541BC2239D71400228618 /* man-9.txt */,
				FA8541B32239D49700228618 /* words.txt */,
			);
			path = Files;
			sourceTree = "<group>";
		};
/* End PBXGroup section */

/* Begin PBXNativeTarget section */
		FA85419C2239D2DF00228618 /* ConsolidationApp03 */ = {
			isa = PBXNativeTarget;
			buildConfigurationList = FA8541AF2239D2E000228618 /* Build configuration list for PBXNativeTarget "ConsolidationApp03" */;
			buildPhases = (
				FA8541992239D2DF00228618 /* Sources */,
				FA85419A2239D2DF00228618 /* Frameworks */,
				FA85419B2239D2DF00228618 /* Resources */,
			);
			buildRules = (
			);
			dependencies = (
			);
			name = ConsolidationApp03;
			productName = ConsolidationApp03;
			productReference = FA85419D2239D2DF00228618 /* ConsolidationApp03.app */;
			productType = "com.apple.product-type.application";
		};
/* End PBXNativeTarget section */

/* Begin PBXProject section */
		FA8541952239D2DF00228618 /* Project object */ = {
			isa = PBXProject;
			attributes = {
				LastSwiftUpdateCheck = 1010;
				LastUpgradeCheck = 1010;
				ORGANIZATIONNAME = "Angel Vázquez";
				TargetAttributes = {
					FA85419C2239D2DF00228618 = {
						CreatedOnToolsVersion = 10.1;
					};
				};
			};
			buildConfigurationList = FA8541982239D2DF00228618 /* Build configuration list for PBXProject "ConsolidationApp03" */;
			compatibilityVersion = "Xcode 9.3";
			developmentRegion = en;
			hasScannedForEncodings = 0;
			knownRegions = (
				en,
				Base,
			);
			mainGroup = FA8541942239D2DF00228618;
			productRefGroup = FA85419E2239D2DF00228618 /* Products */;
			projectDirPath = "";
			projectRoot = "";
			targets = (
				FA85419C2239D2DF00228618 /* ConsolidationApp03 */,
			);
		};
/* End PBXProject section */

/* Begin PBXResourcesBuildPhase section */
		FA85419B2239D2DF00228618 /* Resources */ = {
			isa = PBXResourcesBuildPhase;
			buildActionMask = 2147483647;
			files = (
				FA8541C32239D71400228618 /* man-5.txt in Resources */,
				FA8541AB2239D2E000228618 /* LaunchScreen.storyboard in Resources */,
				FA8541C22239D71400228618 /* man-0.txt in Resources */,
				FA8541C82239D71400228618 /* man-8.txt in Resources */,
				FA8541C72239D71400228618 /* man-2.txt in Resources */,
				FA8541C12239D71400228618 /* man-4.txt in Resources */,
				FA8541B42239D49700228618 /* words.txt in Resources */,
				FA8541C52239D71400228618 /* man-7.txt in Resources */,
				FA8541C62239D71400228618 /* man-9.txt in Resources */,
				FA8541BF2239D71400228618 /* man-3.txt in Resources */,
				FA8541C42239D71400228618 /* man-1.txt in Resources */,
				FA8541C02239D71400228618 /* man-6.txt in Resources */,
				FA8541A82239D2E000228618 /* Assets.xcassets in Resources */,
				FA8541A62239D2DF00228618 /* Main.storyboard in Resources */,
			);
			runOnlyForDeploymentPostprocessing = 0;
		};
/* End PBXResourcesBuildPhase section */

/* Begin PBXSourcesBuildPhase section */
		FA8541992239D2DF00228618 /* Sources */ = {
			isa = PBXSourcesBuildPhase;
			buildActionMask = 2147483647;
			files = (
				FA8541A32239D2DF00228618 /* ViewController.swift in Sources */,
				FA8541A12239D2DF00228618 /* AppDelegate.swift in Sources */,
			);
			runOnlyForDeploymentPostprocessing = 0;
		};
/* End PBXSourcesBuildPhase section */

/* Begin PBXVariantGroup section */
		FA8541A42239D2DF00228618 /* Main.storyboard */ = {
			isa = PBXVariantGroup;
			children = (
				FA8541A52239D2DF00228618 /* Base */,
			);
			name = Main.storyboard;
			sourceTree = "<group>";
		};
		FA8541A92239D2E000228618 /* LaunchScreen.storyboard */ = {
			isa = PBXVariantGroup;
			children = (
				FA8541AA2239D2E000228618 /* Base */,
			);
			name = LaunchScreen.storyboard;
			sourceTree = "<group>";
		};
/* End PBXVariantGroup section */

/* Begin XCBuildConfiguration section */
		FA8541AD2239D2E000228618 /* Debug */ = {
			isa = XCBuildConfiguration;
			buildSettings = {
				ALWAYS_SEARCH_USER_PATHS = NO;
				CLANG_ANALYZER_NONNULL = YES;
				CLANG_ANALYZER_NUMBER_OBJECT_CONVERSION = YES_AGGRESSIVE;
				CLANG_CXX_LANGUAGE_STANDARD = "gnu++14";
				CLANG_CXX_LIBRARY = "libc++";
				CLANG_ENABLE_MODULES = YES;
				CLANG_ENABLE_OBJC_ARC = YES;
				CLANG_ENABLE_OBJC_WEAK = YES;
				CLANG_WARN_BLOCK_CAPTURE_AUTORELEASING = YES;
				CLANG_WARN_BOOL_CONVERSION = YES;
				CLANG_WARN_COMMA = YES;
				CLANG_WARN_CONSTANT_CONVERSION = YES;
				CLANG_WARN_DEPRECATED_OBJC_IMPLEMENTATIONS = YES;
				CLANG_WARN_DIRECT_OBJC_ISA_USAGE = YES_ERROR;
				CLANG_WARN_DOCUMENTATION_COMMENTS = YES;
				CLANG_WARN_EMPTY_BODY = YES;
				CLANG_WARN_ENUM_CONVERSION = YES;
				CLANG_WARN_INFINITE_RECURSION = YES;
				CLANG_WARN_INT_CONVERSION = YES;
				CLANG_WARN_NON_LITERAL_NULL_CONVERSION = YES;
				CLANG_WARN_OBJC_IMPLICIT_RETAIN_SELF = YES;
				CLANG_WARN_OBJC_LITERAL_CONVERSION = YES;
				CLANG_WARN_OBJC_ROOT_CLASS = YES_ERROR;
				CLANG_WARN_RANGE_LOOP_ANALYSIS = YES;
				CLANG_WARN_STRICT_PROTOTYPES = YES;
				CLANG_WARN_SUSPICIOUS_MOVE = YES;
				CLANG_WARN_UNGUARDED_AVAILABILITY = YES_AGGRESSIVE;
				CLANG_WARN_UNREACHABLE_CODE = YES;
				CLANG_WARN__DUPLICATE_METHOD_MATCH = YES;
				CODE_SIGN_IDENTITY = "iPhone Developer";
				COPY_PHASE_STRIP = NO;
				DEBUG_INFORMATION_FORMAT = dwarf;
				ENABLE_STRICT_OBJC_MSGSEND = YES;
				ENABLE_TESTABILITY = YES;
				GCC_C_LANGUAGE_STANDARD = gnu11;
				GCC_DYNAMIC_NO_PIC = NO;
				GCC_NO_COMMON_BLOCKS = YES;
				GCC_OPTIMIZATION_LEVEL = 0;
				GCC_PREPROCESSOR_DEFINITIONS = (
					"DEBUG=1",
					"$(inherited)",
				);
				GCC_WARN_64_TO_32_BIT_CONVERSION = YES;
				GCC_WARN_ABOUT_RETURN_TYPE = YES_ERROR;
				GCC_WARN_UNDECLARED_SELECTOR = YES;
				GCC_WARN_UNINITIALIZED_AUTOS = YES_AGGRESSIVE;
				GCC_WARN_UNUSED_FUNCTION = YES;
				GCC_WARN_UNUSED_VARIABLE = YES;
				IPHONEOS_DEPLOYMENT_TARGET = 12.1;
				MTL_ENABLE_DEBUG_INFO = INCLUDE_SOURCE;
				MTL_FAST_MATH = YES;
				ONLY_ACTIVE_ARCH = YES;
				SDKROOT = iphoneos;
				SWIFT_ACTIVE_COMPILATION_CONDITIONS = DEBUG;
				SWIFT_OPTIMIZATION_LEVEL = "-Onone";
			};
			name = Debug;
		};
		FA8541AE2239D2E000228618 /* Release */ = {
			isa = XCBuildConfiguration;
			buildSettings = {
				ALWAYS_SEARCH_USER_PATHS = NO;
				CLANG_ANALYZER_NONNULL = YES;
				CLANG_ANALYZER_NUMBER_OBJECT_CONVERSION = YES_AGGRESSIVE;
				CLANG_CXX_LANGUAGE_STANDARD = "gnu++14";
				CLANG_CXX_LIBRARY = "libc++";
				CLANG_ENABLE_MODULES = YES;
				CLANG_ENABLE_OBJC_ARC = YES;
				CLANG_ENABLE_OBJC_WEAK = YES;
				CLANG_WARN_BLOCK_CAPTURE_AUTORELEASING = YES;
				CLANG_WARN_BOOL_CONVERSION = YES;
				CLANG_WARN_COMMA = YES;
				CLANG_WARN_CONSTANT_CONVERSION = YES;
				CLANG_WARN_DEPRECATED_OBJC_IMPLEMENTATIONS = YES;
				CLANG_WARN_DIRECT_OBJC_ISA_USAGE = YES_ERROR;
				CLANG_WARN_DOCUMENTATION_COMMENTS = YES;
				CLANG_WARN_EMPTY_BODY = YES;
				CLANG_WARN_ENUM_CONVERSION = YES;
				CLANG_WARN_INFINITE_RECURSION = YES;
				CLANG_WARN_INT_CONVERSION = YES;
				CLANG_WARN_NON_LITERAL_NULL_CONVERSION = YES;
				CLANG_WARN_OBJC_IMPLICIT_RETAIN_SELF = YES;
				CLANG_WARN_OBJC_LITERAL_CONVERSION = YES;
				CLANG_WARN_OBJC_ROOT_CLASS = YES_ERROR;
				CLANG_WARN_RANGE_LOOP_ANALYSIS = YES;
				CLANG_WARN_STRICT_PROTOTYPES = YES;
				CLANG_WARN_SUSPICIOUS_MOVE = YES;
				CLANG_WARN_UNGUARDED_AVAILABILITY = YES_AGGRESSIVE;
				CLANG_WARN_UNREACHABLE_CODE = YES;
				CLANG_WARN__DUPLICATE_METHOD_MATCH = YES;
				CODE_SIGN_IDENTITY = "iPhone Developer";
				COPY_PHASE_STRIP = NO;
				DEBUG_INFORMATION_FORMAT = "dwarf-with-dsym";
				ENABLE_NS_ASSERTIONS = NO;
				ENABLE_STRICT_OBJC_MSGSEND = YES;
				GCC_C_LANGUAGE_STANDARD = gnu11;
				GCC_NO_COMMON_BLOCKS = YES;
				GCC_WARN_64_TO_32_BIT_CONVERSION = YES;
				GCC_WARN_ABOUT_RETURN_TYPE = YES_ERROR;
				GCC_WARN_UNDECLARED_SELECTOR = YES;
				GCC_WARN_UNINITIALIZED_AUTOS = YES_AGGRESSIVE;
				GCC_WARN_UNUSED_FUNCTION = YES;
				GCC_WARN_UNUSED_VARIABLE = YES;
				IPHONEOS_DEPLOYMENT_TARGET = 12.1;
				MTL_ENABLE_DEBUG_INFO = NO;
				MTL_FAST_MATH = YES;
				SDKROOT = iphoneos;
				SWIFT_COMPILATION_MODE = wholemodule;
				SWIFT_OPTIMIZATION_LEVEL = "-O";
				VALIDATE_PRODUCT = YES;
			};
			name = Release;
		};
		FA8541B02239D2E000228618 /* Debug */ = {
			isa = XCBuildConfiguration;
			buildSettings = {
				ASSETCATALOG_COMPILER_APPICON_NAME = AppIcon;
				CODE_SIGN_STYLE = Automatic;
				DEVELOPMENT_TEAM = 486CCPNU3B;
				INFOPLIST_FILE = ConsolidationApp03/Info.plist;
				LD_RUNPATH_SEARCH_PATHS = (
					"$(inherited)",
					"@executable_path/Frameworks",
				);
				PRODUCT_BUNDLE_IDENTIFIER = com.example.ConsolidationApp03;
				PRODUCT_NAME = "$(TARGET_NAME)";
				SWIFT_VERSION = 4.2;
				TARGETED_DEVICE_FAMILY = "1,2";
			};
			name = Debug;
		};
		FA8541B12239D2E000228618 /* Release */ = {
			isa = XCBuildConfiguration;
			buildSettings = {
				ASSETCATALOG_COMPILER_APPICON_NAME = AppIcon;
				CODE_SIGN_STYLE = Automatic;
				DEVELOPMENT_TEAM = 486CCPNU3B;
				INFOPLIST_FILE = ConsolidationApp03/Info.plist;
				LD_RUNPATH_SEARCH_PATHS = (
					"$(inherited)",
					"@executable_path/Frameworks",
				);
				PRODUCT_BUNDLE_IDENTIFIER = com.example.ConsolidationApp03;
				PRODUCT_NAME = "$(TARGET_NAME)";
				SWIFT_VERSION = 4.2;
				TARGETED_DEVICE_FAMILY = "1,2";
			};
			name = Release;
		};
/* End XCBuildConfiguration section */

/* Begin XCConfigurationList section */
		FA8541982239D2DF00228618 /* Build configuration list for PBXProject "ConsolidationApp03" */ = {
			isa = XCConfigurationList;
			buildConfigurations = (
				FA8541AD2239D2E000228618 /* Debug */,
				FA8541AE2239D2E000228618 /* Release */,
			);
			defaultConfigurationIsVisible = 0;
			defaultConfigurationName = Release;
		};
		FA8541AF2239D2E000228618 /* Build configuration list for PBXNativeTarget "ConsolidationApp03" */ = {
			isa = XCConfigurationList;
			buildConfigurations = (
				FA8541B02239D2E000228618 /* Debug */,
				FA8541B12239D2E000228618 /* Release */,
			);
			defaultConfigurationIsVisible = 0;
			defaultConfigurationName = Release;
		};
/* End XCConfigurationList section */
	};
	rootObject = FA8541952239D2DF00228618 /* Project object */;
}
